// !$*UTF8*$!
{
	archiveVersion = 1;
	classes = {
	};
	objectVersion = 56;
	objects = {

/* Begin PBXBuildFile section */
		C736742C28FC167700281FF4 /* SettingsCellViewModel.swift in Sources */ = {isa = PBXBuildFile; fileRef = C736742B28FC167700281FF4 /* SettingsCellViewModel.swift */; };
		C7799BF72910D048002B6D43 /* MessageViewModel.swift in Sources */ = {isa = PBXBuildFile; fileRef = C7799BF62910D048002B6D43 /* MessageViewModel.swift */; };
		C7A6140A2905894200E310C5 /* ProfilePhotoSelectorView.swift in Sources */ = {isa = PBXBuildFile; fileRef = C7A614092905894200E310C5 /* ProfilePhotoSelectorView.swift */; };
		C7A6140C29078FDC00E310C5 /* ImageUploader.swift in Sources */ = {isa = PBXBuildFile; fileRef = C7A6140B29078FDC00E310C5 /* ImageUploader.swift */; };
		C7A9127028FC067C00F4DAEA /* SettingsCell.swift in Sources */ = {isa = PBXBuildFile; fileRef = C7A9126F28FC067C00F4DAEA /* SettingsCell.swift */; };
		C7ADB33E28FEED0D00B03946 /* StatusViewModel.swift in Sources */ = {isa = PBXBuildFile; fileRef = C7ADB33D28FEED0D00B03946 /* StatusViewModel.swift */; };
		C7ADB34028FFC4C100B03946 /* ImagePicker.swift in Sources */ = {isa = PBXBuildFile; fileRef = C7ADB33F28FFC4C100B03946 /* ImagePicker.swift */; };
		C7ADB3422901937D00B03946 /* ConversationCell.swift in Sources */ = {isa = PBXBuildFile; fileRef = C7ADB3412901937D00B03946 /* ConversationCell.swift */; };
		C7ADB34429019BE400B03946 /* NewMessageView.swift in Sources */ = {isa = PBXBuildFile; fileRef = C7ADB34329019BE400B03946 /* NewMessageView.swift */; };
		C7ADB34629019C2E00B03946 /* UserCell.swift in Sources */ = {isa = PBXBuildFile; fileRef = C7ADB34529019C2E00B03946 /* UserCell.swift */; };
		C7ADB3482902780B00B03946 /* SearchBar.swift in Sources */ = {isa = PBXBuildFile; fileRef = C7ADB3472902780B00B03946 /* SearchBar.swift */; };
		C7ADB34A29027F7C00B03946 /* Extensions.swift in Sources */ = {isa = PBXBuildFile; fileRef = C7ADB34929027F7C00B03946 /* Extensions.swift */; };
		C7ADB34C290286FE00B03946 /* ChatBubble.swift in Sources */ = {isa = PBXBuildFile; fileRef = C7ADB34B290286FE00B03946 /* ChatBubble.swift */; };
		C7ADB34E29028B9100B03946 /* MessageView.swift in Sources */ = {isa = PBXBuildFile; fileRef = C7ADB34D29028B9100B03946 /* MessageView.swift */; };
		C7ADB3502902A04400B03946 /* CustomInputView.swift in Sources */ = {isa = PBXBuildFile; fileRef = C7ADB34F2902A04400B03946 /* CustomInputView.swift */; };
		C7ADB35229036C2D00B03946 /* Message.swift in Sources */ = {isa = PBXBuildFile; fileRef = C7ADB35129036C2D00B03946 /* Message.swift */; };
		C7ADB35429036D3500B03946 /* ChatViewModel.swift in Sources */ = {isa = PBXBuildFile; fileRef = C7ADB35329036D3500B03946 /* ChatViewModel.swift */; };
		C7ADB3562903882F00B03946 /* GoogleService-Info.plist in Resources */ = {isa = PBXBuildFile; fileRef = C7ADB3552903882E00B03946 /* GoogleService-Info.plist */; };
		C7ADB361290396EB00B03946 /* AuthViewModel.swift in Sources */ = {isa = PBXBuildFile; fileRef = C7ADB360290396EB00B03946 /* AuthViewModel.swift */; };
		C7AE3B9128F7C4A600B37121 /* SwiftUIChatTutorialApp.swift in Sources */ = {isa = PBXBuildFile; fileRef = C7AE3B9028F7C4A600B37121 /* SwiftUIChatTutorialApp.swift */; };
		C7AE3B9328F7C4A600B37121 /* ContentView.swift in Sources */ = {isa = PBXBuildFile; fileRef = C7AE3B9228F7C4A600B37121 /* ContentView.swift */; };
		C7AE3B9828F7C4A800B37121 /* Preview Assets.xcassets in Resources */ = {isa = PBXBuildFile; fileRef = C7AE3B9728F7C4A800B37121 /* Preview Assets.xcassets */; };
		C7B20DCA28FECE240001168E /* StatusSelectorView.swift in Sources */ = {isa = PBXBuildFile; fileRef = C7B20DC928FECE240001168E /* StatusSelectorView.swift */; };
		C7B763C828FC444100560561 /* EditProfileView.swift in Sources */ = {isa = PBXBuildFile; fileRef = C7B763C728FC444100560561 /* EditProfileView.swift */; };
		C7BA5DDF28FB1CC2004C1C68 /* MainTabView.swift in Sources */ = {isa = PBXBuildFile; fileRef = C7BA5DDE28FB1CC2004C1C68 /* MainTabView.swift */; };
		C7CC37D7290BFC6800462DA3 /* User.swift in Sources */ = {isa = PBXBuildFile; fileRef = C7CC37D6290BFC6800462DA3 /* User.swift */; };
		C7CC37DA290C003E00462DA3 /* FirebaseAuth in Frameworks */ = {isa = PBXBuildFile; productRef = C7CC37D9290C003E00462DA3 /* FirebaseAuth */; };
		C7CC37DC290C003E00462DA3 /* FirebaseFirestore in Frameworks */ = {isa = PBXBuildFile; productRef = C7CC37DB290C003E00462DA3 /* FirebaseFirestore */; };
		C7CC37DE290C003E00462DA3 /* FirebaseFirestoreSwift in Frameworks */ = {isa = PBXBuildFile; productRef = C7CC37DD290C003E00462DA3 /* FirebaseFirestoreSwift */; };
		C7CC37E0290C003E00462DA3 /* FirebaseFunctions in Frameworks */ = {isa = PBXBuildFile; productRef = C7CC37DF290C003E00462DA3 /* FirebaseFunctions */; };
		C7CC37E2290C003E00462DA3 /* FirebaseStorage in Frameworks */ = {isa = PBXBuildFile; productRef = C7CC37E1290C003E00462DA3 /* FirebaseStorage */; };
		C7CC37E5290D4DD400462DA3 /* Kingfisher in Frameworks */ = {isa = PBXBuildFile; productRef = C7CC37E4290D4DD400462DA3 /* Kingfisher */; };
		C7CC37E7290E432000462DA3 /* NewMessageViewModel.swift in Sources */ = {isa = PBXBuildFile; fileRef = C7CC37E6290E432000462DA3 /* NewMessageViewModel.swift */; };
		C7CC37E9290E449600462DA3 /* Constants.swift in Sources */ = {isa = PBXBuildFile; fileRef = C7CC37E8290E449600462DA3 /* Constants.swift */; };
		C7D7BA0328F7D8B7005298CE /* LoginView.swift in Sources */ = {isa = PBXBuildFile; fileRef = C7D7BA0228F7D8B7005298CE /* LoginView.swift */; };
		C7D7BA0528F7D8E2005298CE /* RegistrationView.swift in Sources */ = {isa = PBXBuildFile; fileRef = C7D7BA0428F7D8E2005298CE /* RegistrationView.swift */; };
		C7D7BA0728F9EE52005298CE /* CustomTextField.swift in Sources */ = {isa = PBXBuildFile; fileRef = C7D7BA0628F9EE52005298CE /* CustomTextField.swift */; };
		C7D8F7A528FBB92E009831F1 /* ChannelsView.swift in Sources */ = {isa = PBXBuildFile; fileRef = C7D8F7A428FBB92E009831F1 /* ChannelsView.swift */; };
		C7D8F7A728FBB99F009831F1 /* SettingsView.swift in Sources */ = {isa = PBXBuildFile; fileRef = C7D8F7A628FBB99F009831F1 /* SettingsView.swift */; };
		C7D8F7A928FBBA21009831F1 /* ChatView.swift in Sources */ = {isa = PBXBuildFile; fileRef = C7D8F7A828FBBA21009831F1 /* ChatView.swift */; };
		C7D8F7AC28FBBAA6009831F1 /* ConversationsView.swift in Sources */ = {isa = PBXBuildFile; fileRef = C7D8F7AB28FBBAA6009831F1 /* ConversationsView.swift */; };
		C7D8F7AE28FBCA33009831F1 /* Assets.xcassets in Resources */ = {isa = PBXBuildFile; fileRef = C7D8F7AD28FBCA32009831F1 /* Assets.xcassets */; };
		C7D8F7B028FC045B009831F1 /* SettingsHeaderView.swift in Sources */ = {isa = PBXBuildFile; fileRef = C7D8F7AF28FC045B009831F1 /* SettingsHeaderView.swift */; };
/* End PBXBuildFile section */

/* Begin PBXFileReference section */
		C736742B28FC167700281FF4 /* SettingsCellViewModel.swift */ = {isa = PBXFileReference; lastKnownFileType = sourcecode.swift; path = SettingsCellViewModel.swift; sourceTree = "<group>"; };
		C7799BF62910D048002B6D43 /* MessageViewModel.swift */ = {isa = PBXFileReference; lastKnownFileType = sourcecode.swift; path = MessageViewModel.swift; sourceTree = "<group>"; };
		C7A614092905894200E310C5 /* ProfilePhotoSelectorView.swift */ = {isa = PBXFileReference; lastKnownFileType = sourcecode.swift; path = ProfilePhotoSelectorView.swift; sourceTree = "<group>"; };
		C7A6140B29078FDC00E310C5 /* ImageUploader.swift */ = {isa = PBXFileReference; lastKnownFileType = sourcecode.swift; path = ImageUploader.swift; sourceTree = "<group>"; };
		C7A9126F28FC067C00F4DAEA /* SettingsCell.swift */ = {isa = PBXFileReference; lastKnownFileType = sourcecode.swift; path = SettingsCell.swift; sourceTree = "<group>"; };
		C7ADB33D28FEED0D00B03946 /* StatusViewModel.swift */ = {isa = PBXFileReference; lastKnownFileType = sourcecode.swift; path = StatusViewModel.swift; sourceTree = "<group>"; };
		C7ADB33F28FFC4C100B03946 /* ImagePicker.swift */ = {isa = PBXFileReference; lastKnownFileType = sourcecode.swift; path = ImagePicker.swift; sourceTree = "<group>"; };
		C7ADB3412901937D00B03946 /* ConversationCell.swift */ = {isa = PBXFileReference; lastKnownFileType = sourcecode.swift; path = ConversationCell.swift; sourceTree = "<group>"; };
		C7ADB34329019BE400B03946 /* NewMessageView.swift */ = {isa = PBXFileReference; lastKnownFileType = sourcecode.swift; path = NewMessageView.swift; sourceTree = "<group>"; };
		C7ADB34529019C2E00B03946 /* UserCell.swift */ = {isa = PBXFileReference; lastKnownFileType = sourcecode.swift; path = UserCell.swift; sourceTree = "<group>"; };
		C7ADB3472902780B00B03946 /* SearchBar.swift */ = {isa = PBXFileReference; lastKnownFileType = sourcecode.swift; path = SearchBar.swift; sourceTree = "<group>"; };
		C7ADB34929027F7C00B03946 /* Extensions.swift */ = {isa = PBXFileReference; lastKnownFileType = sourcecode.swift; path = Extensions.swift; sourceTree = "<group>"; };
		C7ADB34B290286FE00B03946 /* ChatBubble.swift */ = {isa = PBXFileReference; lastKnownFileType = sourcecode.swift; path = ChatBubble.swift; sourceTree = "<group>"; };
		C7ADB34D29028B9100B03946 /* MessageView.swift */ = {isa = PBXFileReference; lastKnownFileType = sourcecode.swift; path = MessageView.swift; sourceTree = "<group>"; };
		C7ADB34F2902A04400B03946 /* CustomInputView.swift */ = {isa = PBXFileReference; lastKnownFileType = sourcecode.swift; path = CustomInputView.swift; sourceTree = "<group>"; };
		C7ADB35129036C2D00B03946 /* Message.swift */ = {isa = PBXFileReference; lastKnownFileType = sourcecode.swift; path = Message.swift; sourceTree = "<group>"; };
		C7ADB35329036D3500B03946 /* ChatViewModel.swift */ = {isa = PBXFileReference; lastKnownFileType = sourcecode.swift; path = ChatViewModel.swift; sourceTree = "<group>"; };
		C7ADB3552903882E00B03946 /* GoogleService-Info.plist */ = {isa = PBXFileReference; lastKnownFileType = text.plist; path = "GoogleService-Info.plist"; sourceTree = SOURCE_ROOT; };
		C7ADB360290396EB00B03946 /* AuthViewModel.swift */ = {isa = PBXFileReference; lastKnownFileType = sourcecode.swift; path = AuthViewModel.swift; sourceTree = "<group>"; };
		C7AE3B8D28F7C4A600B37121 /* SwiftUIChatTutorial.app */ = {isa = PBXFileReference; explicitFileType = wrapper.application; includeInIndex = 0; path = SwiftUIChatTutorial.app; sourceTree = BUILT_PRODUCTS_DIR; };
		C7AE3B9028F7C4A600B37121 /* SwiftUIChatTutorialApp.swift */ = {isa = PBXFileReference; lastKnownFileType = sourcecode.swift; path = SwiftUIChatTutorialApp.swift; sourceTree = "<group>"; };
		C7AE3B9228F7C4A600B37121 /* ContentView.swift */ = {isa = PBXFileReference; lastKnownFileType = sourcecode.swift; path = ContentView.swift; sourceTree = "<group>"; };
		C7AE3B9728F7C4A800B37121 /* Preview Assets.xcassets */ = {isa = PBXFileReference; lastKnownFileType = folder.assetcatalog; path = "Preview Assets.xcassets"; sourceTree = "<group>"; };
		C7B20DC928FECE240001168E /* StatusSelectorView.swift */ = {isa = PBXFileReference; lastKnownFileType = sourcecode.swift; path = StatusSelectorView.swift; sourceTree = "<group>"; };
		C7B763C728FC444100560561 /* EditProfileView.swift */ = {isa = PBXFileReference; lastKnownFileType = sourcecode.swift; path = EditProfileView.swift; sourceTree = "<group>"; };
		C7BA5DDE28FB1CC2004C1C68 /* MainTabView.swift */ = {isa = PBXFileReference; lastKnownFileType = sourcecode.swift; path = MainTabView.swift; sourceTree = "<group>"; };
		C7CC37D6290BFC6800462DA3 /* User.swift */ = {isa = PBXFileReference; lastKnownFileType = sourcecode.swift; path = User.swift; sourceTree = "<group>"; };
		C7CC37E6290E432000462DA3 /* NewMessageViewModel.swift */ = {isa = PBXFileReference; lastKnownFileType = sourcecode.swift; path = NewMessageViewModel.swift; sourceTree = "<group>"; };
		C7CC37E8290E449600462DA3 /* Constants.swift */ = {isa = PBXFileReference; lastKnownFileType = sourcecode.swift; path = Constants.swift; sourceTree = "<group>"; };
		C7D7BA0228F7D8B7005298CE /* LoginView.swift */ = {isa = PBXFileReference; lastKnownFileType = sourcecode.swift; path = LoginView.swift; sourceTree = "<group>"; };
		C7D7BA0428F7D8E2005298CE /* RegistrationView.swift */ = {isa = PBXFileReference; lastKnownFileType = sourcecode.swift; path = RegistrationView.swift; sourceTree = "<group>"; };
		C7D7BA0628F9EE52005298CE /* CustomTextField.swift */ = {isa = PBXFileReference; lastKnownFileType = sourcecode.swift; path = CustomTextField.swift; sourceTree = "<group>"; };
		C7D8F7A428FBB92E009831F1 /* ChannelsView.swift */ = {isa = PBXFileReference; lastKnownFileType = sourcecode.swift; path = ChannelsView.swift; sourceTree = "<group>"; };
		C7D8F7A628FBB99F009831F1 /* SettingsView.swift */ = {isa = PBXFileReference; lastKnownFileType = sourcecode.swift; path = SettingsView.swift; sourceTree = "<group>"; };
		C7D8F7A828FBBA21009831F1 /* ChatView.swift */ = {isa = PBXFileReference; lastKnownFileType = sourcecode.swift; path = ChatView.swift; sourceTree = "<group>"; };
		C7D8F7AB28FBBAA6009831F1 /* ConversationsView.swift */ = {isa = PBXFileReference; lastKnownFileType = sourcecode.swift; path = ConversationsView.swift; sourceTree = "<group>"; };
		C7D8F7AD28FBCA32009831F1 /* Assets.xcassets */ = {isa = PBXFileReference; lastKnownFileType = folder.assetcatalog; name = Assets.xcassets; path = ../../../Downloads/Assets.xcassets; sourceTree = "<group>"; };
		C7D8F7AF28FC045B009831F1 /* SettingsHeaderView.swift */ = {isa = PBXFileReference; lastKnownFileType = sourcecode.swift; path = SettingsHeaderView.swift; sourceTree = "<group>"; };
/* End PBXFileReference section */

/* Begin PBXFrameworksBuildPhase section */
		C7AE3B8A28F7C4A600B37121 /* Frameworks */ = {
			isa = PBXFrameworksBuildPhase;
			buildActionMask = 2147483647;
			files = (
				C7CC37E5290D4DD400462DA3 /* Kingfisher in Frameworks */,
				C7CC37DA290C003E00462DA3 /* FirebaseAuth in Frameworks */,
				C7CC37DC290C003E00462DA3 /* FirebaseFirestore in Frameworks */,
				C7CC37DE290C003E00462DA3 /* FirebaseFirestoreSwift in Frameworks */,
				C7CC37E2290C003E00462DA3 /* FirebaseStorage in Frameworks */,
				C7CC37E0290C003E00462DA3 /* FirebaseFunctions in Frameworks */,
			);
			runOnlyForDeploymentPostprocessing = 0;
		};
/* End PBXFrameworksBuildPhase section */

/* Begin PBXGroup section */
		C7AE3B8428F7C4A600B37121 = {
			isa = PBXGroup;
			children = (
				C7AE3B8F28F7C4A600B37121 /* SwiftUIChatTutorial */,
				C7AE3B8E28F7C4A600B37121 /* Products */,
			);
			sourceTree = "<group>";
		};
		C7AE3B8E28F7C4A600B37121 /* Products */ = {
			isa = PBXGroup;
			children = (
				C7AE3B8D28F7C4A600B37121 /* SwiftUIChatTutorial.app */,
			);
			name = Products;
			sourceTree = "<group>";
		};
		C7AE3B8F28F7C4A600B37121 /* SwiftUIChatTutorial */ = {
			isa = PBXGroup;
			children = (
				C7AE3BA228F7D56F00B37121 /* Model */,
				C7AE3BA128F7D56B00B37121 /* View */,
				C7AE3BA028F7D56700B37121 /* ViewModel */,
				C7AE3B9F28F7D56100B37121 /* API */,
				C7AE3B9E28F7D54400B37121 /* Utils */,
				C7AE3B9028F7C4A600B37121 /* SwiftUIChatTutorialApp.swift */,
				C7AE3B9228F7C4A600B37121 /* ContentView.swift */,
				C7D8F7AD28FBCA32009831F1 /* Assets.xcassets */,
				C7ADB3552903882E00B03946 /* GoogleService-Info.plist */,
				C7AE3B9628F7C4A800B37121 /* Preview Content */,
			);
			path = SwiftUIChatTutorial;
			sourceTree = "<group>";
		};
		C7AE3B9628F7C4A800B37121 /* Preview Content */ = {
			isa = PBXGroup;
			children = (
				C7AE3B9728F7C4A800B37121 /* Preview Assets.xcassets */,
			);
			path = "Preview Content";
			sourceTree = "<group>";
		};
		C7AE3B9E28F7D54400B37121 /* Utils */ = {
			isa = PBXGroup;
			children = (
				C7D7BA0628F9EE52005298CE /* CustomTextField.swift */,
				C7ADB33F28FFC4C100B03946 /* ImagePicker.swift */,
				C7ADB3472902780B00B03946 /* SearchBar.swift */,
				C7ADB34929027F7C00B03946 /* Extensions.swift */,
				C7CC37E8290E449600462DA3 /* Constants.swift */,
			);
			path = Utils;
			sourceTree = "<group>";
		};
		C7AE3B9F28F7D56100B37121 /* API */ = {
			isa = PBXGroup;
			children = (
				C7A6140B29078FDC00E310C5 /* ImageUploader.swift */,
			);
			path = API;
			sourceTree = "<group>";
		};
		C7AE3BA028F7D56700B37121 /* ViewModel */ = {
			isa = PBXGroup;
			children = (
				C736742B28FC167700281FF4 /* SettingsCellViewModel.swift */,
				C7ADB33D28FEED0D00B03946 /* StatusViewModel.swift */,
				C7ADB35329036D3500B03946 /* ChatViewModel.swift */,
				C7ADB360290396EB00B03946 /* AuthViewModel.swift */,
				C7CC37E6290E432000462DA3 /* NewMessageViewModel.swift */,
				C7799BF62910D048002B6D43 /* MessageViewModel.swift */,
			);
			path = ViewModel;
			sourceTree = "<group>";
		};
		C7AE3BA128F7D56B00B37121 /* View */ = {
			isa = PBXGroup;
			children = (
				C7D8F7AA28FBBA75009831F1 /* Conversations */,
				C7D8F7A328FBB902009831F1 /* Chats */,
				C7D8F7A228FBB8EA009831F1 /* Settings */,
				C7D8F7A128FBB8D2009831F1 /* Channels */,
				C7D7BA0828FB1B4F005298CE /* Main */,
				C7D7BA0128F7D83F005298CE /* Authentication */,
			);
			path = View;
			sourceTree = "<group>";
		};
		C7AE3BA228F7D56F00B37121 /* Model */ = {
			isa = PBXGroup;
			children = (
				C7ADB35129036C2D00B03946 /* Message.swift */,
				C7CC37D6290BFC6800462DA3 /* User.swift */,
			);
			path = Model;
			sourceTree = "<group>";
		};
		C7D7BA0128F7D83F005298CE /* Authentication */ = {
			isa = PBXGroup;
			children = (
				C7D7BA0228F7D8B7005298CE /* LoginView.swift */,
				C7D7BA0428F7D8E2005298CE /* RegistrationView.swift */,
				C7A614092905894200E310C5 /* ProfilePhotoSelectorView.swift */,
			);
			path = Authentication;
			sourceTree = "<group>";
		};
		C7D7BA0828FB1B4F005298CE /* Main */ = {
			isa = PBXGroup;
			children = (
				C7BA5DDE28FB1CC2004C1C68 /* MainTabView.swift */,
			);
			path = Main;
			sourceTree = "<group>";
		};
		C7D8F7A128FBB8D2009831F1 /* Channels */ = {
			isa = PBXGroup;
			children = (
				C7D8F7A428FBB92E009831F1 /* ChannelsView.swift */,
			);
			path = Channels;
			sourceTree = "<group>";
		};
		C7D8F7A228FBB8EA009831F1 /* Settings */ = {
			isa = PBXGroup;
			children = (
				C7D8F7A628FBB99F009831F1 /* SettingsView.swift */,
				C7D8F7AF28FC045B009831F1 /* SettingsHeaderView.swift */,
				C7A9126F28FC067C00F4DAEA /* SettingsCell.swift */,
				C7B763C728FC444100560561 /* EditProfileView.swift */,
				C7B20DC928FECE240001168E /* StatusSelectorView.swift */,
			);
			path = Settings;
			sourceTree = "<group>";
		};
		C7D8F7A328FBB902009831F1 /* Chats */ = {
			isa = PBXGroup;
			children = (
				C7D8F7A828FBBA21009831F1 /* ChatView.swift */,
				C7ADB34B290286FE00B03946 /* ChatBubble.swift */,
				C7ADB34D29028B9100B03946 /* MessageView.swift */,
				C7ADB34F2902A04400B03946 /* CustomInputView.swift */,
			);
			path = Chats;
			sourceTree = "<group>";
		};
		C7D8F7AA28FBBA75009831F1 /* Conversations */ = {
			isa = PBXGroup;
			children = (
				C7D8F7AB28FBBAA6009831F1 /* ConversationsView.swift */,
				C7ADB3412901937D00B03946 /* ConversationCell.swift */,
				C7ADB34329019BE400B03946 /* NewMessageView.swift */,
				C7ADB34529019C2E00B03946 /* UserCell.swift */,
			);
			path = Conversations;
			sourceTree = "<group>";
		};
/* End PBXGroup section */

/* Begin PBXNativeTarget section */
		C7AE3B8C28F7C4A600B37121 /* SwiftUIChatTutorial */ = {
			isa = PBXNativeTarget;
			buildConfigurationList = C7AE3B9B28F7C4A800B37121 /* Build configuration list for PBXNativeTarget "SwiftUIChatTutorial" */;
			buildPhases = (
				C7AE3B8928F7C4A600B37121 /* Sources */,
				C7AE3B8A28F7C4A600B37121 /* Frameworks */,
				C7AE3B8B28F7C4A600B37121 /* Resources */,
			);
			buildRules = (
			);
			dependencies = (
			);
			name = SwiftUIChatTutorial;
			packageProductDependencies = (
				C7CC37D9290C003E00462DA3 /* FirebaseAuth */,
				C7CC37DB290C003E00462DA3 /* FirebaseFirestore */,
				C7CC37DD290C003E00462DA3 /* FirebaseFirestoreSwift */,
				C7CC37DF290C003E00462DA3 /* FirebaseFunctions */,
				C7CC37E1290C003E00462DA3 /* FirebaseStorage */,
				C7CC37E4290D4DD400462DA3 /* Kingfisher */,
			);
			productName = SwiftUIChatTutorial;
			productReference = C7AE3B8D28F7C4A600B37121 /* SwiftUIChatTutorial.app */;
			productType = "com.apple.product-type.application";
		};
/* End PBXNativeTarget section */

/* Begin PBXProject section */
		C7AE3B8528F7C4A600B37121 /* Project object */ = {
			isa = PBXProject;
			attributes = {
				BuildIndependentTargetsInParallel = 1;
				LastSwiftUpdateCheck = 1400;
				LastUpgradeCheck = 1400;
				TargetAttributes = {
					C7AE3B8C28F7C4A600B37121 = {
						CreatedOnToolsVersion = 14.0.1;
					};
				};
			};
			buildConfigurationList = C7AE3B8828F7C4A600B37121 /* Build configuration list for PBXProject "SwiftUIChatTutorial" */;
			compatibilityVersion = "Xcode 14.0";
			developmentRegion = en;
			hasScannedForEncodings = 0;
			knownRegions = (
				en,
				Base,
			);
			mainGroup = C7AE3B8428F7C4A600B37121;
			packageReferences = (
				C7CC37D8290C003E00462DA3 /* XCRemoteSwiftPackageReference "firebase-ios-sdk" */,
				C7CC37E3290D4DD400462DA3 /* XCRemoteSwiftPackageReference "Kingfisher" */,
			);
			productRefGroup = C7AE3B8E28F7C4A600B37121 /* Products */;
			projectDirPath = "";
			projectRoot = "";
			targets = (
				C7AE3B8C28F7C4A600B37121 /* SwiftUIChatTutorial */,
			);
		};
/* End PBXProject section */

/* Begin PBXResourcesBuildPhase section */
		C7AE3B8B28F7C4A600B37121 /* Resources */ = {
			isa = PBXResourcesBuildPhase;
			buildActionMask = 2147483647;
			files = (
				C7AE3B9828F7C4A800B37121 /* Preview Assets.xcassets in Resources */,
				C7D8F7AE28FBCA33009831F1 /* Assets.xcassets in Resources */,
				C7ADB3562903882F00B03946 /* GoogleService-Info.plist in Resources */,
			);
			runOnlyForDeploymentPostprocessing = 0;
		};
/* End PBXResourcesBuildPhase section */

/* Begin PBXSourcesBuildPhase section */
		C7AE3B8928F7C4A600B37121 /* Sources */ = {
			isa = PBXSourcesBuildPhase;
			buildActionMask = 2147483647;
			files = (
				C7ADB33E28FEED0D00B03946 /* StatusViewModel.swift in Sources */,
				C7B763C828FC444100560561 /* EditProfileView.swift in Sources */,
				C7B20DCA28FECE240001168E /* StatusSelectorView.swift in Sources */,
				C7ADB34028FFC4C100B03946 /* ImagePicker.swift in Sources */,
				C7CC37D7290BFC6800462DA3 /* User.swift in Sources */,
				C7D7BA0328F7D8B7005298CE /* LoginView.swift in Sources */,
				C7D8F7A728FBB99F009831F1 /* SettingsView.swift in Sources */,
				C736742C28FC167700281FF4 /* SettingsCellViewModel.swift in Sources */,
				C7ADB35429036D3500B03946 /* ChatViewModel.swift in Sources */,
				C7A9127028FC067C00F4DAEA /* SettingsCell.swift in Sources */,
				C7ADB34629019C2E00B03946 /* UserCell.swift in Sources */,
				C7ADB35229036C2D00B03946 /* Message.swift in Sources */,
				C7ADB34C290286FE00B03946 /* ChatBubble.swift in Sources */,
				C7ADB34A29027F7C00B03946 /* Extensions.swift in Sources */,
				C7ADB34429019BE400B03946 /* NewMessageView.swift in Sources */,
				C7CC37E7290E432000462DA3 /* NewMessageViewModel.swift in Sources */,
				C7ADB34E29028B9100B03946 /* MessageView.swift in Sources */,
				C7AE3B9328F7C4A600B37121 /* ContentView.swift in Sources */,
				C7D8F7B028FC045B009831F1 /* SettingsHeaderView.swift in Sources */,
				C7A6140C29078FDC00E310C5 /* ImageUploader.swift in Sources */,
				C7D8F7AC28FBBAA6009831F1 /* ConversationsView.swift in Sources */,
				C7AE3B9128F7C4A600B37121 /* SwiftUIChatTutorialApp.swift in Sources */,
				C7ADB3482902780B00B03946 /* SearchBar.swift in Sources */,
				C7CC37E9290E449600462DA3 /* Constants.swift in Sources */,
				C7A6140A2905894200E310C5 /* ProfilePhotoSelectorView.swift in Sources */,
				C7ADB3502902A04400B03946 /* CustomInputView.swift in Sources */,
				C7799BF72910D048002B6D43 /* MessageViewModel.swift in Sources */,
				C7D8F7A928FBBA21009831F1 /* ChatView.swift in Sources */,
				C7D7BA0528F7D8E2005298CE /* RegistrationView.swift in Sources */,
				C7ADB3422901937D00B03946 /* ConversationCell.swift in Sources */,
				C7ADB361290396EB00B03946 /* AuthViewModel.swift in Sources */,
				C7D7BA0728F9EE52005298CE /* CustomTextField.swift in Sources */,
				C7D8F7A528FBB92E009831F1 /* ChannelsView.swift in Sources */,
				C7BA5DDF28FB1CC2004C1C68 /* MainTabView.swift in Sources */,
			);
			runOnlyForDeploymentPostprocessing = 0;
		};
/* End PBXSourcesBuildPhase section */

/* Begin XCBuildConfiguration section */
		C7AE3B9928F7C4A800B37121 /* Debug */ = {
			isa = XCBuildConfiguration;
			buildSettings = {
				ALWAYS_SEARCH_USER_PATHS = NO;
				CLANG_ANALYZER_NONNULL = YES;
				CLANG_ANALYZER_NUMBER_OBJECT_CONVERSION = YES_AGGRESSIVE;
				CLANG_CXX_LANGUAGE_STANDARD = "gnu++20";
				CLANG_ENABLE_MODULES = YES;
				CLANG_ENABLE_OBJC_ARC = YES;
				CLANG_ENABLE_OBJC_WEAK = YES;
				CLANG_WARN_BLOCK_CAPTURE_AUTORELEASING = YES;
				CLANG_WARN_BOOL_CONVERSION = YES;
				CLANG_WARN_COMMA = YES;
				CLANG_WARN_CONSTANT_CONVERSION = YES;
				CLANG_WARN_DEPRECATED_OBJC_IMPLEMENTATIONS = YES;
				CLANG_WARN_DIRECT_OBJC_ISA_USAGE = YES_ERROR;
				CLANG_WARN_DOCUMENTATION_COMMENTS = YES;
				CLANG_WARN_EMPTY_BODY = YES;
				CLANG_WARN_ENUM_CONVERSION = YES;
				CLANG_WARN_INFINITE_RECURSION = YES;
				CLANG_WARN_INT_CONVERSION = YES;
				CLANG_WARN_NON_LITERAL_NULL_CONVERSION = YES;
				CLANG_WARN_OBJC_IMPLICIT_RETAIN_SELF = YES;
				CLANG_WARN_OBJC_LITERAL_CONVERSION = YES;
				CLANG_WARN_OBJC_ROOT_CLASS = YES_ERROR;
				CLANG_WARN_QUOTED_INCLUDE_IN_FRAMEWORK_HEADER = YES;
				CLANG_WARN_RANGE_LOOP_ANALYSIS = YES;
				CLANG_WARN_STRICT_PROTOTYPES = YES;
				CLANG_WARN_SUSPICIOUS_MOVE = YES;
				CLANG_WARN_UNGUARDED_AVAILABILITY = YES_AGGRESSIVE;
				CLANG_WARN_UNREACHABLE_CODE = YES;
				CLANG_WARN__DUPLICATE_METHOD_MATCH = YES;
				COPY_PHASE_STRIP = NO;
				DEBUG_INFORMATION_FORMAT = dwarf;
				ENABLE_STRICT_OBJC_MSGSEND = YES;
				ENABLE_TESTABILITY = YES;
				GCC_C_LANGUAGE_STANDARD = gnu11;
				GCC_DYNAMIC_NO_PIC = NO;
				GCC_NO_COMMON_BLOCKS = YES;
				GCC_OPTIMIZATION_LEVEL = 0;
				GCC_PREPROCESSOR_DEFINITIONS = (
					"DEBUG=1",
					"$(inherited)",
				);
				GCC_WARN_64_TO_32_BIT_CONVERSION = YES;
				GCC_WARN_ABOUT_RETURN_TYPE = YES_ERROR;
				GCC_WARN_UNDECLARED_SELECTOR = YES;
				GCC_WARN_UNINITIALIZED_AUTOS = YES_AGGRESSIVE;
				GCC_WARN_UNUSED_FUNCTION = YES;
				GCC_WARN_UNUSED_VARIABLE = YES;
				IPHONEOS_DEPLOYMENT_TARGET = 16.0;
				MTL_ENABLE_DEBUG_INFO = INCLUDE_SOURCE;
				MTL_FAST_MATH = YES;
				ONLY_ACTIVE_ARCH = YES;
				SDKROOT = iphoneos;
				SWIFT_ACTIVE_COMPILATION_CONDITIONS = DEBUG;
				SWIFT_OPTIMIZATION_LEVEL = "-Onone";
			};
			name = Debug;
		};
		C7AE3B9A28F7C4A800B37121 /* Release */ = {
			isa = XCBuildConfiguration;
			buildSettings = {
				ALWAYS_SEARCH_USER_PATHS = NO;
				CLANG_ANALYZER_NONNULL = YES;
				CLANG_ANALYZER_NUMBER_OBJECT_CONVERSION = YES_AGGRESSIVE;
				CLANG_CXX_LANGUAGE_STANDARD = "gnu++20";
				CLANG_ENABLE_MODULES = YES;
				CLANG_ENABLE_OBJC_ARC = YES;
				CLANG_ENABLE_OBJC_WEAK = YES;
				CLANG_WARN_BLOCK_CAPTURE_AUTORELEASING = YES;
				CLANG_WARN_BOOL_CONVERSION = YES;
				CLANG_WARN_COMMA = YES;
				CLANG_WARN_CONSTANT_CONVERSION = YES;
				CLANG_WARN_DEPRECATED_OBJC_IMPLEMENTATIONS = YES;
				CLANG_WARN_DIRECT_OBJC_ISA_USAGE = YES_ERROR;
				CLANG_WARN_DOCUMENTATION_COMMENTS = YES;
				CLANG_WARN_EMPTY_BODY = YES;
				CLANG_WARN_ENUM_CONVERSION = YES;
				CLANG_WARN_INFINITE_RECURSION = YES;
				CLANG_WARN_INT_CONVERSION = YES;
				CLANG_WARN_NON_LITERAL_NULL_CONVERSION = YES;
				CLANG_WARN_OBJC_IMPLICIT_RETAIN_SELF = YES;
				CLANG_WARN_OBJC_LITERAL_CONVERSION = YES;
				CLANG_WARN_OBJC_ROOT_CLASS = YES_ERROR;
				CLANG_WARN_QUOTED_INCLUDE_IN_FRAMEWORK_HEADER = YES;
				CLANG_WARN_RANGE_LOOP_ANALYSIS = YES;
				CLANG_WARN_STRICT_PROTOTYPES = YES;
				CLANG_WARN_SUSPICIOUS_MOVE = YES;
				CLANG_WARN_UNGUARDED_AVAILABILITY = YES_AGGRESSIVE;
				CLANG_WARN_UNREACHABLE_CODE = YES;
				CLANG_WARN__DUPLICATE_METHOD_MATCH = YES;
				COPY_PHASE_STRIP = NO;
				DEBUG_INFORMATION_FORMAT = "dwarf-with-dsym";
				ENABLE_NS_ASSERTIONS = NO;
				ENABLE_STRICT_OBJC_MSGSEND = YES;
				GCC_C_LANGUAGE_STANDARD = gnu11;
				GCC_NO_COMMON_BLOCKS = YES;
				GCC_WARN_64_TO_32_BIT_CONVERSION = YES;
				GCC_WARN_ABOUT_RETURN_TYPE = YES_ERROR;
				GCC_WARN_UNDECLARED_SELECTOR = YES;
				GCC_WARN_UNINITIALIZED_AUTOS = YES_AGGRESSIVE;
				GCC_WARN_UNUSED_FUNCTION = YES;
				GCC_WARN_UNUSED_VARIABLE = YES;
				IPHONEOS_DEPLOYMENT_TARGET = 16.0;
				MTL_ENABLE_DEBUG_INFO = NO;
				MTL_FAST_MATH = YES;
				SDKROOT = iphoneos;
				SWIFT_COMPILATION_MODE = wholemodule;
				SWIFT_OPTIMIZATION_LEVEL = "-O";
				VALIDATE_PRODUCT = YES;
			};
			name = Release;
		};
		C7AE3B9C28F7C4A800B37121 /* Debug */ = {
			isa = XCBuildConfiguration;
			buildSettings = {
				ASSETCATALOG_COMPILER_APPICON_NAME = AppIcon;
				ASSETCATALOG_COMPILER_GLOBAL_ACCENT_COLOR_NAME = AccentColor;
				CODE_SIGN_STYLE = Automatic;
				CURRENT_PROJECT_VERSION = 1;
				DEVELOPMENT_ASSET_PATHS = "\"SwiftUIChatTutorial/Preview Content\"";
				DEVELOPMENT_TEAM = Q8F87T5MX8;
				ENABLE_PREVIEWS = YES;
				GENERATE_INFOPLIST_FILE = YES;
				INFOPLIST_KEY_UIApplicationSceneManifest_Generation = YES;
				INFOPLIST_KEY_UIApplicationSupportsIndirectInputEvents = YES;
				INFOPLIST_KEY_UILaunchScreen_Generation = YES;
				INFOPLIST_KEY_UISupportedInterfaceOrientations_iPad = "UIInterfaceOrientationPortrait UIInterfaceOrientationPortraitUpsideDown UIInterfaceOrientationLandscapeLeft UIInterfaceOrientationLandscapeRight";
				INFOPLIST_KEY_UISupportedInterfaceOrientations_iPhone = "UIInterfaceOrientationPortrait UIInterfaceOrientationLandscapeLeft UIInterfaceOrientationLandscapeRight";
				LD_RUNPATH_SEARCH_PATHS = (
					"$(inherited)",
					"@executable_path/Frameworks",
				);
				MARKETING_VERSION = 1.0;
				PRODUCT_BUNDLE_IDENTIFIER = "com.icloud.ituki19990702-.SwiftUIChatTutorial";
				PRODUCT_NAME = "$(TARGET_NAME)";
				SWIFT_EMIT_LOC_STRINGS = YES;
				SWIFT_VERSION = 5.0;
				TARGETED_DEVICE_FAMILY = "1,2";
			};
			name = Debug;
		};
		C7AE3B9D28F7C4A800B37121 /* Release */ = {
			isa = XCBuildConfiguration;
			buildSettings = {
				ASSETCATALOG_COMPILER_APPICON_NAME = AppIcon;
				ASSETCATALOG_COMPILER_GLOBAL_ACCENT_COLOR_NAME = AccentColor;
				CODE_SIGN_STYLE = Automatic;
				CURRENT_PROJECT_VERSION = 1;
				DEVELOPMENT_ASSET_PATHS = "\"SwiftUIChatTutorial/Preview Content\"";
				DEVELOPMENT_TEAM = Q8F87T5MX8;
				ENABLE_PREVIEWS = YES;
				GENERATE_INFOPLIST_FILE = YES;
				INFOPLIST_KEY_UIApplicationSceneManifest_Generation = YES;
				INFOPLIST_KEY_UIApplicationSupportsIndirectInputEvents = YES;
				INFOPLIST_KEY_UILaunchScreen_Generation = YES;
				INFOPLIST_KEY_UISupportedInterfaceOrientations_iPad = "UIInterfaceOrientationPortrait UIInterfaceOrientationPortraitUpsideDown UIInterfaceOrientationLandscapeLeft UIInterfaceOrientationLandscapeRight";
				INFOPLIST_KEY_UISupportedInterfaceOrientations_iPhone = "UIInterfaceOrientationPortrait UIInterfaceOrientationLandscapeLeft UIInterfaceOrientationLandscapeRight";
				LD_RUNPATH_SEARCH_PATHS = (
					"$(inherited)",
					"@executable_path/Frameworks",
				);
				MARKETING_VERSION = 1.0;
				PRODUCT_BUNDLE_IDENTIFIER = "com.icloud.ituki19990702-.SwiftUIChatTutorial";
				PRODUCT_NAME = "$(TARGET_NAME)";
				SWIFT_EMIT_LOC_STRINGS = YES;
				SWIFT_VERSION = 5.0;
				TARGETED_DEVICE_FAMILY = "1,2";
			};
			name = Release;
		};
/* End XCBuildConfiguration section */

/* Begin XCConfigurationList section */
		C7AE3B8828F7C4A600B37121 /* Build configuration list for PBXProject "SwiftUIChatTutorial" */ = {
			isa = XCConfigurationList;
			buildConfigurations = (
				C7AE3B9928F7C4A800B37121 /* Debug */,
				C7AE3B9A28F7C4A800B37121 /* Release */,
			);
			defaultConfigurationIsVisible = 0;
			defaultConfigurationName = Release;
		};
		C7AE3B9B28F7C4A800B37121 /* Build configuration list for PBXNativeTarget "SwiftUIChatTutorial" */ = {
			isa = XCConfigurationList;
			buildConfigurations = (
				C7AE3B9C28F7C4A800B37121 /* Debug */,
				C7AE3B9D28F7C4A800B37121 /* Release */,
			);
			defaultConfigurationIsVisible = 0;
			defaultConfigurationName = Release;
		};
/* End XCConfigurationList section */

/* Begin XCRemoteSwiftPackageReference section */
		C7CC37D8290C003E00462DA3 /* XCRemoteSwiftPackageReference "firebase-ios-sdk" */ = {
			isa = XCRemoteSwiftPackageReference;
			repositoryURL = "https://github.com/firebase/firebase-ios-sdk.git";
			requirement = {
				kind = upToNextMajorVersion;
				minimumVersion = 9.0.0;
			};
		};
		C7CC37E3290D4DD400462DA3 /* XCRemoteSwiftPackageReference "Kingfisher" */ = {
			isa = XCRemoteSwiftPackageReference;
			repositoryURL = "https://github.com/onevcat/Kingfisher";
			requirement = {
				kind = upToNextMajorVersion;
				minimumVersion = 7.0.0;
			};
		};
/* End XCRemoteSwiftPackageReference section */

/* Begin XCSwiftPackageProductDependency section */
		C7CC37D9290C003E00462DA3 /* FirebaseAuth */ = {
			isa = XCSwiftPackageProductDependency;
			package = C7CC37D8290C003E00462DA3 /* XCRemoteSwiftPackageReference "firebase-ios-sdk" */;
			productName = FirebaseAuth;
		};
		C7CC37DB290C003E00462DA3 /* FirebaseFirestore */ = {
			isa = XCSwiftPackageProductDependency;
			package = C7CC37D8290C003E00462DA3 /* XCRemoteSwiftPackageReference "firebase-ios-sdk" */;
			productName = FirebaseFirestore;
		};
		C7CC37DD290C003E00462DA3 /* FirebaseFirestoreSwift */ = {
			isa = XCSwiftPackageProductDependency;
			package = C7CC37D8290C003E00462DA3 /* XCRemoteSwiftPackageReference "firebase-ios-sdk" */;
			productName = FirebaseFirestoreSwift;
		};
		C7CC37DF290C003E00462DA3 /* FirebaseFunctions */ = {
			isa = XCSwiftPackageProductDependency;
			package = C7CC37D8290C003E00462DA3 /* XCRemoteSwiftPackageReference "firebase-ios-sdk" */;
			productName = FirebaseFunctions;
		};
		C7CC37E1290C003E00462DA3 /* FirebaseStorage */ = {
			isa = XCSwiftPackageProductDependency;
			package = C7CC37D8290C003E00462DA3 /* XCRemoteSwiftPackageReference "firebase-ios-sdk" */;
			productName = FirebaseStorage;
		};
		C7CC37E4290D4DD400462DA3 /* Kingfisher */ = {
			isa = XCSwiftPackageProductDependency;
			package = C7CC37E3290D4DD400462DA3 /* XCRemoteSwiftPackageReference "Kingfisher" */;
			productName = Kingfisher;
		};
/* End XCSwiftPackageProductDependency section */
	};
	rootObject = C7AE3B8528F7C4A600B37121 /* Project object */;
}
